<?xml version="1.0" encoding="UTF-8"?>
<!DOCTYPE plist PUBLIC "-//Apple//DTD PLIST 1.0//EN" "http://www.apple.com/DTDs/PropertyList-1.0.dtd">
<plist version="1.0">
<dict>
	<key>archiveVersion</key>
	<string>1</string>
	<key>classes</key>
	<dict/>
	<key>objectVersion</key>
	<string>46</string>
	<key>objects</key>
	<dict>
		<key>0CDC8243181F0A900D2E354D</key>
		<dict>
			<key>explicitFileType</key>
			<string>archive.ar</string>
			<key>includeInIndex</key>
			<string>0</string>
			<key>isa</key>
			<string>PBXFileReference</string>
			<key>path</key>
			<string>libPods-RSFoundationUtilsTests.a</string>
			<key>sourceTree</key>
			<string>BUILT_PRODUCTS_DIR</string>
		</dict>
		<key>123FB87FA61593EA2D24EE51</key>
		<dict>
			<key>buildActionMask</key>
			<string>2147483647</string>
			<key>files</key>
			<array/>
			<key>inputPaths</key>
			<array/>
			<key>isa</key>
			<string>PBXShellScriptBuildPhase</string>
			<key>name</key>
			<string>[CP] Copy Pods Resources</string>
			<key>outputPaths</key>
			<array/>
			<key>runOnlyForDeploymentPostprocessing</key>
			<string>0</string>
			<key>shellPath</key>
			<string>/bin/sh</string>
			<key>shellScript</key>
			<string>"${SRCROOT}/Pods/Target Support Files/Pods-RSFoundationUtils/Pods-RSFoundationUtils-resources.sh"
</string>
			<key>showEnvVarsInLog</key>
			<string>0</string>
		</dict>
		<key>131C6C4C2AA8C6F5D30A8D01</key>
		<dict>
			<key>includeInIndex</key>
			<string>1</string>
			<key>isa</key>
			<string>PBXFileReference</string>
			<key>lastKnownFileType</key>
			<string>text.xcconfig</string>
			<key>name</key>
			<string>Pods-RSFoundationUtilsTests.release.xcconfig</string>
			<key>path</key>
			<string>Pods/Target Support Files/Pods-RSFoundationUtilsTests/Pods-RSFoundationUtilsTests.release.xcconfig</string>
			<key>sourceTree</key>
			<string>&lt;group&gt;</string>
		</dict>
		<key>3393051CACBB4F27B9CE3D6B</key>
		<dict>
			<key>buildActionMask</key>
			<string>2147483647</string>
			<key>files</key>
			<array/>
			<key>inputPaths</key>
			<array/>
			<key>isa</key>
			<string>PBXShellScriptBuildPhase</string>
			<key>name</key>
			<string>[CP] Embed Pods Frameworks</string>
			<key>outputPaths</key>
			<array/>
			<key>runOnlyForDeploymentPostprocessing</key>
			<string>0</string>
			<key>shellPath</key>
			<string>/bin/sh</string>
			<key>shellScript</key>
			<string>"${SRCROOT}/Pods/Target Support Files/Pods-RSFoundationUtilsTests/Pods-RSFoundationUtilsTests-frameworks.sh"
</string>
			<key>showEnvVarsInLog</key>
			<string>0</string>
		</dict>
		<key>4C51241D45891240F9AE950A</key>
		<dict>
			<key>buildActionMask</key>
			<string>2147483647</string>
			<key>files</key>
			<array/>
			<key>inputPaths</key>
			<array/>
			<key>isa</key>
			<string>PBXShellScriptBuildPhase</string>
			<key>name</key>
			<string>[CP] Check Pods Manifest.lock</string>
			<key>outputPaths</key>
			<array/>
			<key>runOnlyForDeploymentPostprocessing</key>
			<string>0</string>
			<key>shellPath</key>
			<string>/bin/sh</string>
			<key>shellScript</key>
			<string>diff "${PODS_ROOT}/../Podfile.lock" "${PODS_ROOT}/Manifest.lock" &gt; /dev/null
if [[ $? != 0 ]] ; then
    cat &lt;&lt; EOM
error: The sandbox is not in sync with the Podfile.lock. Run 'pod install' or update your CocoaPods installation.
EOM
    exit 1
fi
</string>
			<key>showEnvVarsInLog</key>
			<string>0</string>
		</dict>
		<key>54E2D24E0B574CD1BFA7F0A3</key>
		<dict>
			<key>explicitFileType</key>
			<string>archive.ar</string>
			<key>includeInIndex</key>
			<string>0</string>
			<key>isa</key>
			<string>PBXFileReference</string>
			<key>path</key>
			<string>libPods-RSFoundationUtils.a</string>
			<key>sourceTree</key>
			<string>BUILT_PRODUCTS_DIR</string>
		</dict>
		<key>5B275787BBEB97B0A80E308D</key>
		<dict>
			<key>includeInIndex</key>
			<string>1</string>
			<key>isa</key>
			<string>PBXFileReference</string>
			<key>lastKnownFileType</key>
			<string>text.xcconfig</string>
			<key>name</key>
			<string>Pods-RSFoundationUtils.debug.xcconfig</string>
			<key>path</key>
			<string>Pods/Target Support Files/Pods-RSFoundationUtils/Pods-RSFoundationUtils.debug.xcconfig</string>
			<key>sourceTree</key>
			<string>&lt;group&gt;</string>
		</dict>
		<key>665273C2B74E29AFAEE78BE2</key>
		<dict>
			<key>includeInIndex</key>
			<string>1</string>
			<key>isa</key>
			<string>PBXFileReference</string>
			<key>lastKnownFileType</key>
			<string>text.xcconfig</string>
			<key>name</key>
			<string>Pods-RSFoundationUtilsTests.debug.xcconfig</string>
			<key>path</key>
			<string>Pods/Target Support Files/Pods-RSFoundationUtilsTests/Pods-RSFoundationUtilsTests.debug.xcconfig</string>
			<key>sourceTree</key>
			<string>&lt;group&gt;</string>
		</dict>
		<key>73081B5E30D47BCF5086A939</key>
		<dict>
			<key>buildActionMask</key>
			<string>2147483647</string>
			<key>files</key>
			<array/>
			<key>inputPaths</key>
			<array/>
			<key>isa</key>
			<string>PBXShellScriptBuildPhase</string>
			<key>name</key>
			<string>[CP] Copy Pods Resources</string>
			<key>outputPaths</key>
			<array/>
			<key>runOnlyForDeploymentPostprocessing</key>
			<string>0</string>
			<key>shellPath</key>
			<string>/bin/sh</string>
			<key>shellScript</key>
			<string>"${SRCROOT}/Pods/Target Support Files/Pods-RSFoundationUtilsTests/Pods-RSFoundationUtilsTests-resources.sh"
</string>
			<key>showEnvVarsInLog</key>
			<string>0</string>
		</dict>
		<key>75DEC9D78954188763D96333</key>
		<dict>
			<key>includeInIndex</key>
			<string>1</string>
			<key>isa</key>
			<string>PBXFileReference</string>
			<key>lastKnownFileType</key>
			<string>text.xcconfig</string>
			<key>name</key>
			<string>Pods-RSFoundationUtils.release.xcconfig</string>
			<key>path</key>
			<string>Pods/Target Support Files/Pods-RSFoundationUtils/Pods-RSFoundationUtils.release.xcconfig</string>
			<key>sourceTree</key>
			<string>&lt;group&gt;</string>
		</dict>
		<key>7F50C249B55F93786C7D64FE</key>
		<dict>
			<key>children</key>
			<array>
				<string>54E2D24E0B574CD1BFA7F0A3</string>
				<string>0CDC8243181F0A900D2E354D</string>
			</array>
			<key>isa</key>
			<string>PBXGroup</string>
			<key>name</key>
			<string>Frameworks</string>
			<key>sourceTree</key>
			<string>&lt;group&gt;</string>
		</dict>
		<key>951AE9E3A09E96714EFA0981</key>
		<dict>
			<key>fileRef</key>
			<string>54E2D24E0B574CD1BFA7F0A3</string>
			<key>isa</key>
			<string>PBXBuildFile</string>
		</dict>
		<key>9DF6068D8AFE4C1B7AEF8BD2</key>
		<dict>
			<key>fileRef</key>
			<string>0CDC8243181F0A900D2E354D</string>
			<key>isa</key>
			<string>PBXBuildFile</string>
		</dict>
		<key>D26A53D50ADBB49BAE727C68</key>
		<dict>
			<key>buildActionMask</key>
			<string>2147483647</string>
			<key>files</key>
			<array/>
			<key>inputPaths</key>
			<array/>
			<key>isa</key>
			<string>PBXShellScriptBuildPhase</string>
			<key>name</key>
			<string>[CP] Check Pods Manifest.lock</string>
			<key>outputPaths</key>
			<array/>
			<key>runOnlyForDeploymentPostprocessing</key>
			<string>0</string>
			<key>shellPath</key>
			<string>/bin/sh</string>
			<key>shellScript</key>
			<string>diff "${PODS_ROOT}/../Podfile.lock" "${PODS_ROOT}/Manifest.lock" &gt; /dev/null
if [[ $? != 0 ]] ; then
    cat &lt;&lt; EOM
error: The sandbox is not in sync with the Podfile.lock. Run 'pod install' or update your CocoaPods installation.
EOM
    exit 1
fi
</string>
			<key>showEnvVarsInLog</key>
			<string>0</string>
		</dict>
		<key>E504B748D0605FC7ED936FFB</key>
		<dict>
			<key>children</key>
			<array>
				<string>5B275787BBEB97B0A80E308D</string>
				<string>75DEC9D78954188763D96333</string>
				<string>665273C2B74E29AFAEE78BE2</string>
				<string>131C6C4C2AA8C6F5D30A8D01</string>
			</array>
			<key>isa</key>
			<string>PBXGroup</string>
			<key>name</key>
			<string>Pods</string>
			<key>sourceTree</key>
			<string>&lt;group&gt;</string>
		</dict>
		<key>FD667F2B1BA008F0009B6157</key>
		<dict>
			<key>fileEncoding</key>
			<string>4</string>
			<key>isa</key>
			<string>PBXFileReference</string>
			<key>lastKnownFileType</key>
			<string>sourcecode.c.h</string>
			<key>path</key>
			<string>NSNotificationCenter+FoundationUtils.h</string>
			<key>sourceTree</key>
			<string>&lt;group&gt;</string>
		</dict>
		<key>FD667F2C1BA008F0009B6157</key>
		<dict>
			<key>fileEncoding</key>
			<string>4</string>
			<key>isa</key>
			<string>PBXFileReference</string>
			<key>lastKnownFileType</key>
			<string>sourcecode.c.objc</string>
			<key>path</key>
			<string>NSNotificationCenter+FoundationUtils.m</string>
			<key>sourceTree</key>
			<string>&lt;group&gt;</string>
		</dict>
		<key>FD667F2D1BA008F0009B6157</key>
		<dict>
			<key>fileRef</key>
			<string>FD667F2C1BA008F0009B6157</string>
			<key>isa</key>
			<string>PBXBuildFile</string>
		</dict>
		<key>FD6F15051AFB4ECA003A8909</key>
		<dict>
			<key>children</key>
			<array>
				<string>FD6F15101AFB4ECA003A8909</string>
				<string>FD6F151D1AFB4ECA003A8909</string>
				<string>FD6F150F1AFB4ECA003A8909</string>
				<string>E504B748D0605FC7ED936FFB</string>
				<string>7F50C249B55F93786C7D64FE</string>
			</array>
			<key>isa</key>
			<string>PBXGroup</string>
			<key>sourceTree</key>
			<string>&lt;group&gt;</string>
		</dict>
		<key>FD6F15061AFB4ECA003A8909</key>
		<dict>
			<key>attributes</key>
			<dict>
				<key>CLASSPREFIX</key>
				<string>RS</string>
				<key>LastUpgradeCheck</key>
				<string>0800</string>
				<key>TargetAttributes</key>
				<dict>
					<key>FD6F150D1AFB4ECA003A8909</key>
					<dict>
						<key>CreatedOnToolsVersion</key>
						<string>6.3.1</string>
					</dict>
					<key>FD6F15181AFB4ECA003A8909</key>
					<dict>
						<key>CreatedOnToolsVersion</key>
						<string>6.3.1</string>
					</dict>
				</dict>
			</dict>
			<key>buildConfigurationList</key>
			<string>FD6F15091AFB4ECA003A8909</string>
			<key>compatibilityVersion</key>
			<string>Xcode 3.2</string>
			<key>developmentRegion</key>
			<string>English</string>
			<key>hasScannedForEncodings</key>
			<string>0</string>
			<key>isa</key>
			<string>PBXProject</string>
			<key>knownRegions</key>
			<array>
				<string>en</string>
			</array>
			<key>mainGroup</key>
			<string>FD6F15051AFB4ECA003A8909</string>
			<key>productRefGroup</key>
			<string>FD6F150F1AFB4ECA003A8909</string>
			<key>projectDirPath</key>
			<string></string>
			<key>projectReferences</key>
			<array/>
			<key>projectRoot</key>
			<string></string>
			<key>targets</key>
			<array>
				<string>FD6F150D1AFB4ECA003A8909</string>
				<string>FD6F15181AFB4ECA003A8909</string>
			</array>
		</dict>
		<key>FD6F15091AFB4ECA003A8909</key>
		<dict>
			<key>buildConfigurations</key>
			<array>
				<string>FD6F15201AFB4ECA003A8909</string>
				<string>FD6F15211AFB4ECA003A8909</string>
			</array>
			<key>defaultConfigurationIsVisible</key>
			<string>0</string>
			<key>defaultConfigurationName</key>
			<string>Release</string>
			<key>isa</key>
			<string>XCConfigurationList</string>
		</dict>
		<key>FD6F150A1AFB4ECA003A8909</key>
		<dict>
			<key>buildActionMask</key>
			<string>2147483647</string>
			<key>files</key>
			<array>
				<string>FDC7A5081AFB9E6F004D191F</string>
				<string>FDC7A4FC1AFB9C7A004D191F</string>
				<string>FDE3886A1B621BE300AF0FD4</string>
				<string>FDC7A50C1AFB9FA1004D191F</string>
				<string>FDC7A4F91AFB9C1F004D191F</string>
				<string>FDC7A5051AFB9E2E004D191F</string>
				<string>FDC7A50E1AFBA052004D191F</string>
				<string>FDC7A4F31AFB9B1C004D191F</string>
				<string>FDD125DD1AFB7C1E001EA14B</string>
				<string>FDC7A4F61AFB9BBA004D191F</string>
				<string>FDD125E11AFB7E4D001EA14B</string>
				<string>FDD125DA1AFB5EE4001EA14B</string>
				<string>FDC7A4FF1AFB9D0B004D191F</string>
				<string>FDC7A5021AFB9DB7004D191F</string>
				<string>FD9C8EEA1BA0050500825DCD</string>
				<string>FDC7A4F01AFB9AB1004D191F</string>
				<string>FD667F2D1BA008F0009B6157</string>
			</array>
			<key>isa</key>
			<string>PBXSourcesBuildPhase</string>
			<key>runOnlyForDeploymentPostprocessing</key>
			<string>0</string>
		</dict>
		<key>FD6F150B1AFB4ECA003A8909</key>
		<dict>
			<key>buildActionMask</key>
			<string>2147483647</string>
			<key>files</key>
			<array>
				<string>951AE9E3A09E96714EFA0981</string>
			</array>
			<key>isa</key>
			<string>PBXFrameworksBuildPhase</string>
			<key>runOnlyForDeploymentPostprocessing</key>
			<string>0</string>
		</dict>
		<key>FD6F150C1AFB4ECA003A8909</key>
		<dict>
			<key>buildActionMask</key>
			<string>2147483647</string>
			<key>dstPath</key>
			<string>include/$(PRODUCT_NAME)</string>
			<key>dstSubfolderSpec</key>
			<string>16</string>
			<key>files</key>
			<array>
				<string>FD6F15121AFB4ECA003A8909</string>
			</array>
			<key>isa</key>
			<string>PBXCopyFilesBuildPhase</string>
			<key>runOnlyForDeploymentPostprocessing</key>
			<string>0</string>
		</dict>
		<key>FD6F150D1AFB4ECA003A8909</key>
		<dict>
			<key>buildConfigurationList</key>
			<string>FD6F15221AFB4ECA003A8909</string>
			<key>buildPhases</key>
			<array>
				<string>4C51241D45891240F9AE950A</string>
				<string>FD6F150A1AFB4ECA003A8909</string>
				<string>FD6F150B1AFB4ECA003A8909</string>
				<string>FD6F150C1AFB4ECA003A8909</string>
				<string>123FB87FA61593EA2D24EE51</string>
			</array>
			<key>buildRules</key>
			<array/>
			<key>dependencies</key>
			<array/>
			<key>isa</key>
			<string>PBXNativeTarget</string>
			<key>name</key>
			<string>RSFoundationUtils</string>
			<key>productName</key>
			<string>RSFoundationUtils</string>
			<key>productReference</key>
			<string>FD6F150E1AFB4ECA003A8909</string>
			<key>productType</key>
			<string>com.apple.product-type.library.static</string>
		</dict>
		<key>FD6F150E1AFB4ECA003A8909</key>
		<dict>
			<key>explicitFileType</key>
			<string>archive.ar</string>
			<key>includeInIndex</key>
			<string>0</string>
			<key>isa</key>
			<string>PBXFileReference</string>
			<key>path</key>
			<string>libRSFoundationUtils.a</string>
			<key>sourceTree</key>
			<string>BUILT_PRODUCTS_DIR</string>
		</dict>
		<key>FD6F150F1AFB4ECA003A8909</key>
		<dict>
			<key>children</key>
			<array>
				<string>FD6F150E1AFB4ECA003A8909</string>
				<string>FD6F15191AFB4ECA003A8909</string>
			</array>
			<key>isa</key>
			<string>PBXGroup</string>
			<key>name</key>
			<string>Products</string>
			<key>sourceTree</key>
			<string>&lt;group&gt;</string>
		</dict>
		<key>FD6F15101AFB4ECA003A8909</key>
		<dict>
			<key>children</key>
			<array>
				<string>FDD125DE1AFB7DE8001EA14B</string>
				<string>FDC7A5061AFB9E6F004D191F</string>
				<string>FDC7A5071AFB9E6F004D191F</string>
				<string>FD6F15111AFB4ECA003A8909</string>
				<string>FDC7A50D1AFBA052004D191F</string>
				<string>FDC7A5091AFB9F5E004D191F</string>
				<string>FDE388691B621BE300AF0FD4</string>
				<string>FD9C8EE81BA0050500825DCD</string>
				<string>FD9C8EE91BA0050500825DCD</string>
				<string>FDC7A50A1AFB9FA1004D191F</string>
				<string>FDC7A50B1AFB9FA1004D191F</string>
				<string>FD6F15281AFB4F09003A8909</string>
				<string>FDC7A4FD1AFB9D0B004D191F</string>
				<string>FDC7A4FE1AFB9D0B004D191F</string>
			</array>
			<key>isa</key>
			<string>PBXGroup</string>
			<key>path</key>
			<string>RSFoundationUtils</string>
			<key>sourceTree</key>
			<string>&lt;group&gt;</string>
		</dict>
		<key>FD6F15111AFB4ECA003A8909</key>
		<dict>
			<key>isa</key>
			<string>PBXFileReference</string>
			<key>lastKnownFileType</key>
			<string>sourcecode.c.h</string>
			<key>path</key>
			<string>RSFoundationUtils.h</string>
			<key>sourceTree</key>
			<string>&lt;group&gt;</string>
		</dict>
		<key>FD6F15121AFB4ECA003A8909</key>
		<dict>
			<key>fileRef</key>
			<string>FD6F15111AFB4ECA003A8909</string>
			<key>isa</key>
			<string>PBXBuildFile</string>
		</dict>
		<key>FD6F15151AFB4ECA003A8909</key>
		<dict>
			<key>buildActionMask</key>
			<string>2147483647</string>
			<key>files</key>
			<array>
				<string>FDE3886C1B62209D00AF0FD4</string>
			</array>
			<key>isa</key>
			<string>PBXSourcesBuildPhase</string>
			<key>runOnlyForDeploymentPostprocessing</key>
			<string>0</string>
		</dict>
		<key>FD6F15161AFB4ECA003A8909</key>
		<dict>
			<key>buildActionMask</key>
			<string>2147483647</string>
			<key>files</key>
			<array>
				<string>FD6F151A1AFB4ECA003A8909</string>
				<string>9DF6068D8AFE4C1B7AEF8BD2</string>
			</array>
			<key>isa</key>
			<string>PBXFrameworksBuildPhase</string>
			<key>runOnlyForDeploymentPostprocessing</key>
			<string>0</string>
		</dict>
		<key>FD6F15171AFB4ECA003A8909</key>
		<dict>
			<key>buildActionMask</key>
			<string>2147483647</string>
			<key>files</key>
			<array/>
			<key>isa</key>
			<string>PBXResourcesBuildPhase</string>
			<key>runOnlyForDeploymentPostprocessing</key>
			<string>0</string>
		</dict>
		<key>FD6F15181AFB4ECA003A8909</key>
		<dict>
			<key>buildConfigurationList</key>
			<string>FD6F15251AFB4ECA003A8909</string>
			<key>buildPhases</key>
			<array>
				<string>D26A53D50ADBB49BAE727C68</string>
				<string>FD6F15151AFB4ECA003A8909</string>
				<string>FD6F15161AFB4ECA003A8909</string>
				<string>FD6F15171AFB4ECA003A8909</string>
				<string>3393051CACBB4F27B9CE3D6B</string>
				<string>73081B5E30D47BCF5086A939</string>
			</array>
			<key>buildRules</key>
			<array/>
			<key>dependencies</key>
			<array>
				<string>FD6F151C1AFB4ECA003A8909</string>
			</array>
			<key>isa</key>
			<string>PBXNativeTarget</string>
			<key>name</key>
			<string>RSFoundationUtilsTests</string>
			<key>productName</key>
			<string>RSFoundationUtilsTests</string>
			<key>productReference</key>
			<string>FD6F15191AFB4ECA003A8909</string>
			<key>productType</key>
			<string>com.apple.product-type.bundle.unit-test</string>
		</dict>
		<key>FD6F15191AFB4ECA003A8909</key>
		<dict>
			<key>explicitFileType</key>
			<string>wrapper.cfbundle</string>
			<key>includeInIndex</key>
			<string>0</string>
			<key>isa</key>
			<string>PBXFileReference</string>
			<key>path</key>
			<string>RSFoundationUtilsTests.xctest</string>
			<key>sourceTree</key>
			<string>BUILT_PRODUCTS_DIR</string>
		</dict>
		<key>FD6F151A1AFB4ECA003A8909</key>
		<dict>
			<key>fileRef</key>
			<string>FD6F150E1AFB4ECA003A8909</string>
			<key>isa</key>
			<string>PBXBuildFile</string>
		</dict>
		<key>FD6F151B1AFB4ECA003A8909</key>
		<dict>
			<key>containerPortal</key>
			<string>FD6F15061AFB4ECA003A8909</string>
			<key>isa</key>
			<string>PBXContainerItemProxy</string>
			<key>proxyType</key>
			<string>1</string>
			<key>remoteGlobalIDString</key>
			<string>FD6F150D1AFB4ECA003A8909</string>
			<key>remoteInfo</key>
			<string>RSFoundationUtils</string>
		</dict>
		<key>FD6F151C1AFB4ECA003A8909</key>
		<dict>
			<key>isa</key>
			<string>PBXTargetDependency</string>
			<key>target</key>
			<string>FD6F150D1AFB4ECA003A8909</string>
			<key>targetProxy</key>
			<string>FD6F151B1AFB4ECA003A8909</string>
		</dict>
		<key>FD6F151D1AFB4ECA003A8909</key>
		<dict>
			<key>children</key>
			<array>
				<string>FDE3886B1B62209D00AF0FD4</string>
				<string>FD6F151E1AFB4ECA003A8909</string>
			</array>
			<key>isa</key>
			<string>PBXGroup</string>
			<key>path</key>
			<string>RSFoundationUtilsTests</string>
			<key>sourceTree</key>
			<string>&lt;group&gt;</string>
		</dict>
		<key>FD6F151E1AFB4ECA003A8909</key>
		<dict>
			<key>children</key>
			<array>
				<string>FD6F151F1AFB4ECA003A8909</string>
			</array>
			<key>isa</key>
			<string>PBXGroup</string>
			<key>name</key>
			<string>Supporting Files</string>
			<key>sourceTree</key>
			<string>&lt;group&gt;</string>
		</dict>
		<key>FD6F151F1AFB4ECA003A8909</key>
		<dict>
			<key>isa</key>
			<string>PBXFileReference</string>
			<key>lastKnownFileType</key>
			<string>text.plist.xml</string>
			<key>path</key>
			<string>Info.plist</string>
			<key>sourceTree</key>
			<string>&lt;group&gt;</string>
		</dict>
		<key>FD6F15201AFB4ECA003A8909</key>
		<dict>
			<key>buildSettings</key>
			<dict>
				<key>ALWAYS_SEARCH_USER_PATHS</key>
				<string>NO</string>
				<key>CLANG_CXX_LANGUAGE_STANDARD</key>
				<string>gnu++0x</string>
				<key>CLANG_CXX_LIBRARY</key>
				<string>libc++</string>
				<key>CLANG_ENABLE_MODULES</key>
				<string>YES</string>
				<key>CLANG_ENABLE_OBJC_ARC</key>
				<string>YES</string>
				<key>CLANG_WARN_BOOL_CONVERSION</key>
				<string>YES</string>
				<key>CLANG_WARN_CONSTANT_CONVERSION</key>
				<string>YES</string>
				<key>CLANG_WARN_DIRECT_OBJC_ISA_USAGE</key>
				<string>YES_ERROR</string>
				<key>CLANG_WARN_EMPTY_BODY</key>
				<string>YES</string>
				<key>CLANG_WARN_ENUM_CONVERSION</key>
				<string>YES</string>
				<key>CLANG_WARN_INFINITE_RECURSION</key>
				<string>YES</string>
				<key>CLANG_WARN_INT_CONVERSION</key>
				<string>YES</string>
				<key>CLANG_WARN_OBJC_ROOT_CLASS</key>
				<string>YES_ERROR</string>
				<key>CLANG_WARN_SUSPICIOUS_MOVE</key>
				<string>YES</string>
				<key>CLANG_WARN_UNREACHABLE_CODE</key>
				<string>YES</string>
				<key>CLANG_WARN__DUPLICATE_METHOD_MATCH</key>
				<string>YES</string>
				<key>COPY_PHASE_STRIP</key>
				<string>NO</string>
				<key>DEBUG_INFORMATION_FORMAT</key>
				<string>dwarf-with-dsym</string>
				<key>ENABLE_STRICT_OBJC_MSGSEND</key>
				<string>YES</string>
				<key>ENABLE_TESTABILITY</key>
				<string>YES</string>
				<key>GCC_C_LANGUAGE_STANDARD</key>
				<string>gnu99</string>
				<key>GCC_DYNAMIC_NO_PIC</key>
				<string>NO</string>
				<key>GCC_NO_COMMON_BLOCKS</key>
				<string>YES</string>
				<key>GCC_OPTIMIZATION_LEVEL</key>
				<string>0</string>
				<key>GCC_PREPROCESSOR_DEFINITIONS</key>
				<array>
					<string>DEBUG=1</string>
					<string>$(inherited)</string>
				</array>
				<key>GCC_SYMBOLS_PRIVATE_EXTERN</key>
				<string>NO</string>
				<key>GCC_WARN_64_TO_32_BIT_CONVERSION</key>
				<string>YES</string>
				<key>GCC_WARN_ABOUT_RETURN_TYPE</key>
				<string>YES_ERROR</string>
				<key>GCC_WARN_UNDECLARED_SELECTOR</key>
				<string>YES</string>
				<key>GCC_WARN_UNINITIALIZED_AUTOS</key>
				<string>YES_AGGRESSIVE</string>
				<key>GCC_WARN_UNUSED_FUNCTION</key>
				<string>YES</string>
				<key>GCC_WARN_UNUSED_VARIABLE</key>
				<string>YES</string>
				<key>IPHONEOS_DEPLOYMENT_TARGET</key>
				<string>8.0</string>
				<key>MTL_ENABLE_DEBUG_INFO</key>
				<string>YES</string>
				<key>ONLY_ACTIVE_ARCH</key>
				<string>YES</string>
				<key>SDKROOT</key>
				<string>iphoneos</string>
			</dict>
			<key>isa</key>
			<string>XCBuildConfiguration</string>
			<key>name</key>
			<string>Debug</string>
		</dict>
		<key>FD6F15211AFB4ECA003A8909</key>
		<dict>
			<key>buildSettings</key>
			<dict>
				<key>ALWAYS_SEARCH_USER_PATHS</key>
				<string>NO</string>
				<key>CLANG_CXX_LANGUAGE_STANDARD</key>
				<string>gnu++0x</string>
				<key>CLANG_CXX_LIBRARY</key>
				<string>libc++</string>
				<key>CLANG_ENABLE_MODULES</key>
				<string>YES</string>
				<key>CLANG_ENABLE_OBJC_ARC</key>
				<string>YES</string>
				<key>CLANG_WARN_BOOL_CONVERSION</key>
				<string>YES</string>
				<key>CLANG_WARN_CONSTANT_CONVERSION</key>
				<string>YES</string>
				<key>CLANG_WARN_DIRECT_OBJC_ISA_USAGE</key>
				<string>YES_ERROR</string>
				<key>CLANG_WARN_EMPTY_BODY</key>
				<string>YES</string>
				<key>CLANG_WARN_ENUM_CONVERSION</key>
				<string>YES</string>
				<key>CLANG_WARN_INFINITE_RECURSION</key>
				<string>YES</string>
				<key>CLANG_WARN_INT_CONVERSION</key>
				<string>YES</string>
				<key>CLANG_WARN_OBJC_ROOT_CLASS</key>
				<string>YES_ERROR</string>
				<key>CLANG_WARN_SUSPICIOUS_MOVE</key>
				<string>YES</string>
				<key>CLANG_WARN_UNREACHABLE_CODE</key>
				<string>YES</string>
				<key>CLANG_WARN__DUPLICATE_METHOD_MATCH</key>
				<string>YES</string>
				<key>COPY_PHASE_STRIP</key>
				<string>NO</string>
				<key>DEBUG_INFORMATION_FORMAT</key>
				<string>dwarf-with-dsym</string>
				<key>ENABLE_NS_ASSERTIONS</key>
				<string>NO</string>
				<key>ENABLE_STRICT_OBJC_MSGSEND</key>
				<string>YES</string>
				<key>GCC_C_LANGUAGE_STANDARD</key>
				<string>gnu99</string>
				<key>GCC_NO_COMMON_BLOCKS</key>
				<string>YES</string>
				<key>GCC_WARN_64_TO_32_BIT_CONVERSION</key>
				<string>YES</string>
				<key>GCC_WARN_ABOUT_RETURN_TYPE</key>
				<string>YES_ERROR</string>
				<key>GCC_WARN_UNDECLARED_SELECTOR</key>
				<string>YES</string>
				<key>GCC_WARN_UNINITIALIZED_AUTOS</key>
				<string>YES_AGGRESSIVE</string>
				<key>GCC_WARN_UNUSED_FUNCTION</key>
				<string>YES</string>
				<key>GCC_WARN_UNUSED_VARIABLE</key>
				<string>YES</string>
				<key>IPHONEOS_DEPLOYMENT_TARGET</key>
				<string>8.0</string>
				<key>MTL_ENABLE_DEBUG_INFO</key>
				<string>NO</string>
				<key>SDKROOT</key>
				<string>iphoneos</string>
				<key>VALIDATE_PRODUCT</key>
				<string>YES</string>
			</dict>
			<key>isa</key>
			<string>XCBuildConfiguration</string>
			<key>name</key>
			<string>Release</string>
		</dict>
		<key>FD6F15221AFB4ECA003A8909</key>
		<dict>
			<key>buildConfigurations</key>
			<array>
				<string>FD6F15231AFB4ECA003A8909</string>
				<string>FD6F15241AFB4ECA003A8909</string>
			</array>
			<key>defaultConfigurationIsVisible</key>
			<string>0</string>
			<key>defaultConfigurationName</key>
			<string>Release</string>
			<key>isa</key>
			<string>XCConfigurationList</string>
		</dict>
		<key>FD6F15231AFB4ECA003A8909</key>
		<dict>
			<key>baseConfigurationReference</key>
			<string>5B275787BBEB97B0A80E308D</string>
			<key>buildSettings</key>
			<dict>
				<key>OTHER_LDFLAGS</key>
				<string>$(inherited)</string>
				<key>PRODUCT_NAME</key>
				<string>$(TARGET_NAME)</string>
				<key>SKIP_INSTALL</key>
				<string>YES</string>
			</dict>
			<key>isa</key>
			<string>XCBuildConfiguration</string>
			<key>name</key>
			<string>Debug</string>
		</dict>
		<key>FD6F15241AFB4ECA003A8909</key>
		<dict>
			<key>baseConfigurationReference</key>
			<string>75DEC9D78954188763D96333</string>
			<key>buildSettings</key>
			<dict>
				<key>OTHER_LDFLAGS</key>
				<string>$(inherited)</string>
				<key>PRODUCT_NAME</key>
				<string>$(TARGET_NAME)</string>
				<key>SKIP_INSTALL</key>
				<string>YES</string>
			</dict>
			<key>isa</key>
			<string>XCBuildConfiguration</string>
			<key>name</key>
			<string>Release</string>
		</dict>
		<key>FD6F15251AFB4ECA003A8909</key>
		<dict>
			<key>buildConfigurations</key>
			<array>
				<string>FD6F15261AFB4ECA003A8909</string>
				<string>FD6F15271AFB4ECA003A8909</string>
			</array>
			<key>defaultConfigurationIsVisible</key>
			<string>0</string>
			<key>defaultConfigurationName</key>
			<string>Release</string>
			<key>isa</key>
			<string>XCConfigurationList</string>
		</dict>
		<key>FD6F15261AFB4ECA003A8909</key>
		<dict>
			<key>baseConfigurationReference</key>
			<string>665273C2B74E29AFAEE78BE2</string>
			<key>buildSettings</key>
			<dict>
				<key>CODE_SIGN_IDENTITY[sdk=iphoneos*]</key>
				<string>iPhone Developer</string>
				<key>FRAMEWORK_SEARCH_PATHS</key>
				<array>
					<string>$(SDKROOT)/Developer/Library/Frameworks</string>
					<string>$(inherited)</string>
				</array>
				<key>GCC_PREPROCESSOR_DEFINITIONS</key>
				<array>
					<string>DEBUG=1</string>
					<string>$(inherited)</string>
				</array>
				<key>INFOPLIST_FILE</key>
				<string>RSFoundationUtilsTests/Info.plist</string>
				<key>LD_RUNPATH_SEARCH_PATHS</key>
				<string>$(inherited) @executable_path/Frameworks @loader_path/Frameworks</string>
				<key>OTHER_LDFLAGS</key>
				<string>$(inherited)</string>
				<key>PRODUCT_BUNDLE_IDENTIFIER</key>
				<string>ru.rees.$(PRODUCT_NAME:rfc1034identifier)</string>
				<key>PRODUCT_NAME</key>
				<string>$(TARGET_NAME)</string>
			</dict>
			<key>isa</key>
			<string>XCBuildConfiguration</string>
			<key>name</key>
			<string>Debug</string>
		</dict>
		<key>FD6F15271AFB4ECA003A8909</key>
		<dict>
			<key>baseConfigurationReference</key>
			<string>131C6C4C2AA8C6F5D30A8D01</string>
			<key>buildSettings</key>
			<dict>
				<key>CODE_SIGN_IDENTITY[sdk=iphoneos*]</key>
				<string>iPhone Developer</string>
				<key>FRAMEWORK_SEARCH_PATHS</key>
				<array>
					<string>$(SDKROOT)/Developer/Library/Frameworks</string>
					<string>$(inherited)</string>
				</array>
				<key>INFOPLIST_FILE</key>
				<string>RSFoundationUtilsTests/Info.plist</string>
				<key>LD_RUNPATH_SEARCH_PATHS</key>
				<string>$(inherited) @executable_path/Frameworks @loader_path/Frameworks</string>
				<key>OTHER_LDFLAGS</key>
				<string>$(inherited)</string>
				<key>PRODUCT_BUNDLE_IDENTIFIER</key>
				<string>ru.rees.$(PRODUCT_NAME:rfc1034identifier)</string>
				<key>PRODUCT_NAME</key>
				<string>$(TARGET_NAME)</string>
			</dict>
			<key>isa</key>
			<string>XCBuildConfiguration</string>
			<key>name</key>
			<string>Release</string>
		</dict>
		<key>FD6F15281AFB4F09003A8909</key>
		<dict>
			<key>fileEncoding</key>
			<string>4</string>
			<key>isa</key>
			<string>PBXFileReference</string>
			<key>lastKnownFileType</key>
			<string>sourcecode.c.h</string>
			<key>path</key>
			<string>RSSwizzlingMacros.h</string>
			<key>sourceTree</key>
			<string>&lt;group&gt;</string>
		</dict>
		<key>FD9C8EE81BA0050500825DCD</key>
		<dict>
			<key>fileEncoding</key>
			<string>4</string>
			<key>isa</key>
			<string>PBXFileReference</string>
			<key>lastKnownFileType</key>
			<string>sourcecode.c.h</string>
			<key>path</key>
			<string>RSWeakKVOProxy.h</string>
			<key>sourceTree</key>
			<string>&lt;group&gt;</string>
		</dict>
		<key>FD9C8EE91BA0050500825DCD</key>
		<dict>
			<key>fileEncoding</key>
			<string>4</string>
			<key>isa</key>
			<string>PBXFileReference</string>
			<key>lastKnownFileType</key>
			<string>sourcecode.c.objc</string>
			<key>path</key>
			<string>RSWeakKVOProxy.m</string>
			<key>sourceTree</key>
			<string>&lt;group&gt;</string>
		</dict>
		<key>FD9C8EEA1BA0050500825DCD</key>
		<dict>
			<key>fileRef</key>
			<string>FD9C8EE91BA0050500825DCD</string>
			<key>isa</key>
			<string>PBXBuildFile</string>
		</dict>
		<key>FDC7A4EE1AFB9AB1004D191F</key>
		<dict>
			<key>fileEncoding</key>
			<string>4</string>
			<key>isa</key>
			<string>PBXFileReference</string>
			<key>lastKnownFileType</key>
			<string>sourcecode.c.h</string>
			<key>path</key>
			<string>NSDictionary+FoundationUtils.h</string>
			<key>sourceTree</key>
			<string>&lt;group&gt;</string>
		</dict>
		<key>FDC7A4EF1AFB9AB1004D191F</key>
		<dict>
			<key>fileEncoding</key>
			<string>4</string>
			<key>isa</key>
			<string>PBXFileReference</string>
			<key>lastKnownFileType</key>
			<string>sourcecode.c.objc</string>
			<key>path</key>
			<string>NSDictionary+FoundationUtils.m</string>
			<key>sourceTree</key>
			<string>&lt;group&gt;</string>
		</dict>
		<key>FDC7A4F01AFB9AB1004D191F</key>
		<dict>
			<key>fileRef</key>
			<string>FDC7A4EF1AFB9AB1004D191F</string>
			<key>isa</key>
			<string>PBXBuildFile</string>
		</dict>
		<key>FDC7A4F11AFB9B1C004D191F</key>
		<dict>
			<key>fileEncoding</key>
			<string>4</string>
			<key>isa</key>
			<string>PBXFileReference</string>
			<key>lastKnownFileType</key>
			<string>sourcecode.c.h</string>
			<key>path</key>
			<string>NSFileManager+FoundationUtils.h</string>
			<key>sourceTree</key>
			<string>&lt;group&gt;</string>
		</dict>
		<key>FDC7A4F21AFB9B1C004D191F</key>
		<dict>
			<key>fileEncoding</key>
			<string>4</string>
			<key>isa</key>
			<string>PBXFileReference</string>
			<key>lastKnownFileType</key>
			<string>sourcecode.c.objc</string>
			<key>path</key>
			<string>NSFileManager+FoundationUtils.m</string>
			<key>sourceTree</key>
			<string>&lt;group&gt;</string>
		</dict>
		<key>FDC7A4F31AFB9B1C004D191F</key>
		<dict>
			<key>fileRef</key>
			<string>FDC7A4F21AFB9B1C004D191F</string>
			<key>isa</key>
			<string>PBXBuildFile</string>
		</dict>
		<key>FDC7A4F41AFB9BBA004D191F</key>
		<dict>
			<key>fileEncoding</key>
			<string>4</string>
			<key>isa</key>
			<string>PBXFileReference</string>
			<key>lastKnownFileType</key>
			<string>sourcecode.c.h</string>
			<key>path</key>
			<string>NSJSONSerialization+FoundationUtils.h</string>
			<key>sourceTree</key>
			<string>&lt;group&gt;</string>
		</dict>
		<key>FDC7A4F51AFB9BBA004D191F</key>
		<dict>
			<key>fileEncoding</key>
			<string>4</string>
			<key>isa</key>
			<string>PBXFileReference</string>
			<key>lastKnownFileType</key>
			<string>sourcecode.c.objc</string>
			<key>path</key>
			<string>NSJSONSerialization+FoundationUtils.m</string>
			<key>sourceTree</key>
			<string>&lt;group&gt;</string>
		</dict>
		<key>FDC7A4F61AFB9BBA004D191F</key>
		<dict>
			<key>fileRef</key>
			<string>FDC7A4F51AFB9BBA004D191F</string>
			<key>isa</key>
			<string>PBXBuildFile</string>
		</dict>
		<key>FDC7A4F71AFB9C1F004D191F</key>
		<dict>
			<key>fileEncoding</key>
			<string>4</string>
			<key>isa</key>
			<string>PBXFileReference</string>
			<key>lastKnownFileType</key>
			<string>sourcecode.c.h</string>
			<key>path</key>
			<string>NSMutableArray+FoundationUtils.h</string>
			<key>sourceTree</key>
			<string>&lt;group&gt;</string>
		</dict>
		<key>FDC7A4F81AFB9C1F004D191F</key>
		<dict>
			<key>fileEncoding</key>
			<string>4</string>
			<key>isa</key>
			<string>PBXFileReference</string>
			<key>lastKnownFileType</key>
			<string>sourcecode.c.objc</string>
			<key>path</key>
			<string>NSMutableArray+FoundationUtils.m</string>
			<key>sourceTree</key>
			<string>&lt;group&gt;</string>
		</dict>
		<key>FDC7A4F91AFB9C1F004D191F</key>
		<dict>
			<key>fileRef</key>
			<string>FDC7A4F81AFB9C1F004D191F</string>
			<key>isa</key>
			<string>PBXBuildFile</string>
		</dict>
		<key>FDC7A4FA1AFB9C7A004D191F</key>
		<dict>
			<key>fileEncoding</key>
			<string>4</string>
			<key>isa</key>
			<string>PBXFileReference</string>
			<key>lastKnownFileType</key>
			<string>sourcecode.c.h</string>
			<key>path</key>
			<string>NSObject+FoundationUtils.h</string>
			<key>sourceTree</key>
			<string>&lt;group&gt;</string>
		</dict>
		<key>FDC7A4FB1AFB9C7A004D191F</key>
		<dict>
			<key>fileEncoding</key>
			<string>4</string>
			<key>isa</key>
			<string>PBXFileReference</string>
			<key>lastKnownFileType</key>
			<string>sourcecode.c.objc</string>
			<key>path</key>
			<string>NSObject+FoundationUtils.m</string>
			<key>sourceTree</key>
			<string>&lt;group&gt;</string>
		</dict>
		<key>FDC7A4FC1AFB9C7A004D191F</key>
		<dict>
			<key>fileRef</key>
			<string>FDC7A4FB1AFB9C7A004D191F</string>
			<key>isa</key>
			<string>PBXBuildFile</string>
		</dict>
		<key>FDC7A4FD1AFB9D0B004D191F</key>
		<dict>
			<key>fileEncoding</key>
			<string>4</string>
			<key>isa</key>
			<string>PBXFileReference</string>
			<key>lastKnownFileType</key>
			<string>sourcecode.c.h</string>
			<key>path</key>
			<string>RSWeakObjectContainer.h</string>
			<key>sourceTree</key>
			<string>&lt;group&gt;</string>
		</dict>
		<key>FDC7A4FE1AFB9D0B004D191F</key>
		<dict>
			<key>fileEncoding</key>
			<string>4</string>
			<key>isa</key>
			<string>PBXFileReference</string>
			<key>lastKnownFileType</key>
			<string>sourcecode.c.objc</string>
			<key>path</key>
			<string>RSWeakObjectContainer.m</string>
			<key>sourceTree</key>
			<string>&lt;group&gt;</string>
		</dict>
		<key>FDC7A4FF1AFB9D0B004D191F</key>
		<dict>
			<key>fileRef</key>
			<string>FDC7A4FE1AFB9D0B004D191F</string>
			<key>isa</key>
			<string>PBXBuildFile</string>
		</dict>
		<key>FDC7A5001AFB9DB7004D191F</key>
		<dict>
			<key>fileEncoding</key>
			<string>4</string>
			<key>isa</key>
			<string>PBXFileReference</string>
			<key>lastKnownFileType</key>
			<string>sourcecode.c.h</string>
			<key>path</key>
			<string>NSString+FoundationUtils.h</string>
			<key>sourceTree</key>
			<string>&lt;group&gt;</string>
		</dict>
		<key>FDC7A5011AFB9DB7004D191F</key>
		<dict>
			<key>fileEncoding</key>
			<string>4</string>
			<key>isa</key>
			<string>PBXFileReference</string>
			<key>lastKnownFileType</key>
			<string>sourcecode.c.objc</string>
			<key>path</key>
			<string>NSString+FoundationUtils.m</string>
			<key>sourceTree</key>
			<string>&lt;group&gt;</string>
		</dict>
		<key>FDC7A5021AFB9DB7004D191F</key>
		<dict>
			<key>fileRef</key>
			<string>FDC7A5011AFB9DB7004D191F</string>
			<key>isa</key>
			<string>PBXBuildFile</string>
		</dict>
		<key>FDC7A5031AFB9E2E004D191F</key>
		<dict>
			<key>fileEncoding</key>
			<string>4</string>
			<key>isa</key>
			<string>PBXFileReference</string>
			<key>lastKnownFileType</key>
			<string>sourcecode.c.h</string>
			<key>path</key>
			<string>NSURL+FoundationUtils.h</string>
			<key>sourceTree</key>
			<string>&lt;group&gt;</string>
		</dict>
		<key>FDC7A5041AFB9E2E004D191F</key>
		<dict>
			<key>fileEncoding</key>
			<string>4</string>
			<key>isa</key>
			<string>PBXFileReference</string>
			<key>lastKnownFileType</key>
			<string>sourcecode.c.objc</string>
			<key>path</key>
			<string>NSURL+FoundationUtils.m</string>
			<key>sourceTree</key>
			<string>&lt;group&gt;</string>
		</dict>
		<key>FDC7A5051AFB9E2E004D191F</key>
		<dict>
			<key>fileRef</key>
			<string>FDC7A5041AFB9E2E004D191F</string>
			<key>isa</key>
			<string>PBXBuildFile</string>
		</dict>
		<key>FDC7A5061AFB9E6F004D191F</key>
		<dict>
			<key>fileEncoding</key>
			<string>4</string>
			<key>isa</key>
			<string>PBXFileReference</string>
			<key>lastKnownFileType</key>
			<string>sourcecode.c.h</string>
			<key>path</key>
			<string>RSDebouncer.h</string>
			<key>sourceTree</key>
			<string>&lt;group&gt;</string>
		</dict>
		<key>FDC7A5071AFB9E6F004D191F</key>
		<dict>
			<key>fileEncoding</key>
			<string>4</string>
			<key>isa</key>
			<string>PBXFileReference</string>
			<key>lastKnownFileType</key>
			<string>sourcecode.c.objc</string>
			<key>path</key>
			<string>RSDebouncer.m</string>
			<key>sourceTree</key>
			<string>&lt;group&gt;</string>
		</dict>
		<key>FDC7A5081AFB9E6F004D191F</key>
		<dict>
			<key>fileRef</key>
			<string>FDC7A5071AFB9E6F004D191F</string>
			<key>isa</key>
			<string>PBXBuildFile</string>
		</dict>
		<key>FDC7A5091AFB9F5E004D191F</key>
		<dict>
			<key>isa</key>
			<string>PBXFileReference</string>
			<key>lastKnownFileType</key>
			<string>sourcecode.c.h</string>
			<key>path</key>
			<string>RSGCDUtils.h</string>
			<key>sourceTree</key>
			<string>&lt;group&gt;</string>
		</dict>
		<key>FDC7A50A1AFB9FA1004D191F</key>
		<dict>
			<key>fileEncoding</key>
			<string>4</string>
			<key>isa</key>
			<string>PBXFileReference</string>
			<key>lastKnownFileType</key>
			<string>sourcecode.c.h</string>
			<key>path</key>
			<string>RSRestorer.h</string>
			<key>sourceTree</key>
			<string>&lt;group&gt;</string>
		</dict>
		<key>FDC7A50B1AFB9FA1004D191F</key>
		<dict>
			<key>fileEncoding</key>
			<string>4</string>
			<key>isa</key>
			<string>PBXFileReference</string>
			<key>lastKnownFileType</key>
			<string>sourcecode.c.objc</string>
			<key>path</key>
			<string>RSRestorer.m</string>
			<key>sourceTree</key>
			<string>&lt;group&gt;</string>
		</dict>
		<key>FDC7A50C1AFB9FA1004D191F</key>
		<dict>
			<key>fileRef</key>
			<string>FDC7A50B1AFB9FA1004D191F</string>
			<key>isa</key>
			<string>PBXBuildFile</string>
		</dict>
		<key>FDC7A50D1AFBA052004D191F</key>
		<dict>
			<key>fileEncoding</key>
			<string>4</string>
			<key>isa</key>
			<string>PBXFileReference</string>
			<key>lastKnownFileType</key>
			<string>sourcecode.c.objc</string>
			<key>path</key>
			<string>RSFoundationUtils.m</string>
			<key>sourceTree</key>
			<string>&lt;group&gt;</string>
		</dict>
		<key>FDC7A50E1AFBA052004D191F</key>
		<dict>
			<key>fileRef</key>
			<string>FDC7A50D1AFBA052004D191F</string>
			<key>isa</key>
			<string>PBXBuildFile</string>
		</dict>
		<key>FDD125D81AFB5EE4001EA14B</key>
		<dict>
			<key>fileEncoding</key>
			<string>4</string>
			<key>isa</key>
			<string>PBXFileReference</string>
			<key>lastKnownFileType</key>
			<string>sourcecode.c.h</string>
			<key>path</key>
			<string>NSArray+FoundationUtils.h</string>
			<key>sourceTree</key>
			<string>&lt;group&gt;</string>
		</dict>
		<key>FDD125D91AFB5EE4001EA14B</key>
		<dict>
			<key>fileEncoding</key>
			<string>4</string>
			<key>isa</key>
			<string>PBXFileReference</string>
			<key>lastKnownFileType</key>
			<string>sourcecode.c.objc</string>
			<key>path</key>
			<string>NSArray+FoundationUtils.m</string>
			<key>sourceTree</key>
			<string>&lt;group&gt;</string>
		</dict>
		<key>FDD125DA1AFB5EE4001EA14B</key>
		<dict>
			<key>fileRef</key>
			<string>FDD125D91AFB5EE4001EA14B</string>
			<key>isa</key>
			<string>PBXBuildFile</string>
		</dict>
		<key>FDD125DB1AFB7C1E001EA14B</key>
		<dict>
			<key>fileEncoding</key>
			<string>4</string>
			<key>isa</key>
			<string>PBXFileReference</string>
			<key>lastKnownFileType</key>
			<string>sourcecode.c.h</string>
			<key>path</key>
			<string>NSAttributedString+FoundationUtils.h</string>
			<key>sourceTree</key>
			<string>&lt;group&gt;</string>
		</dict>
		<key>FDD125DC1AFB7C1E001EA14B</key>
		<dict>
			<key>fileEncoding</key>
			<string>4</string>
			<key>isa</key>
			<string>PBXFileReference</string>
			<key>lastKnownFileType</key>
			<string>sourcecode.c.objc</string>
			<key>path</key>
			<string>NSAttributedString+FoundationUtils.m</string>
			<key>sourceTree</key>
			<string>&lt;group&gt;</string>
		</dict>
		<key>FDD125DD1AFB7C1E001EA14B</key>
		<dict>
			<key>fileRef</key>
			<string>FDD125DC1AFB7C1E001EA14B</string>
			<key>isa</key>
			<string>PBXBuildFile</string>
		</dict>
		<key>FDD125DE1AFB7DE8001EA14B</key>
		<dict>
			<key>children</key>
			<array>
				<string>FDD125D81AFB5EE4001EA14B</string>
				<string>FDD125D91AFB5EE4001EA14B</string>
				<string>FDD125DB1AFB7C1E001EA14B</string>
				<string>FDD125DC1AFB7C1E001EA14B</string>
				<string>FDD125DF1AFB7E4D001EA14B</string>
				<string>FDD125E01AFB7E4D001EA14B</string>
				<string>FDC7A4EE1AFB9AB1004D191F</string>
				<string>FDC7A4EF1AFB9AB1004D191F</string>
				<string>FDC7A4F11AFB9B1C004D191F</string>
				<string>FDC7A4F21AFB9B1C004D191F</string>
				<string>FDC7A4F41AFB9BBA004D191F</string>
				<string>FDC7A4F51AFB9BBA004D191F</string>
				<string>FDC7A4F71AFB9C1F004D191F</string>
				<string>FDC7A4F81AFB9C1F004D191F</string>
				<string>FD667F2B1BA008F0009B6157</string>
				<string>FD667F2C1BA008F0009B6157</string>
				<string>FDC7A4FA1AFB9C7A004D191F</string>
				<string>FDC7A4FB1AFB9C7A004D191F</string>
				<string>FDC7A5001AFB9DB7004D191F</string>
				<string>FDC7A5011AFB9DB7004D191F</string>
				<string>FDC7A5031AFB9E2E004D191F</string>
				<string>FDC7A5041AFB9E2E004D191F</string>
			</array>
			<key>isa</key>
			<string>PBXGroup</string>
			<key>name</key>
			<string>Additions</string>
			<key>sourceTree</key>
			<string>&lt;group&gt;</string>
		</dict>
		<key>FDD125DF1AFB7E4D001EA14B</key>
		<dict>
			<key>fileEncoding</key>
			<string>4</string>
			<key>isa</key>
			<string>PBXFileReference</string>
			<key>lastKnownFileType</key>
			<string>sourcecode.c.h</string>
			<key>path</key>
			<string>NSData+FoundationUtils.h</string>
			<key>sourceTree</key>
			<string>&lt;group&gt;</string>
		</dict>
		<key>FDD125E01AFB7E4D001EA14B</key>
		<dict>
			<key>fileEncoding</key>
			<string>4</string>
			<key>isa</key>
			<string>PBXFileReference</string>
			<key>lastKnownFileType</key>
			<string>sourcecode.c.objc</string>
			<key>path</key>
			<string>NSData+FoundationUtils.m</string>
			<key>sourceTree</key>
			<string>&lt;group&gt;</string>
		</dict>
		<key>FDD125E11AFB7E4D001EA14B</key>
		<dict>
			<key>fileRef</key>
			<string>FDD125E01AFB7E4D001EA14B</string>
			<key>isa</key>
			<string>PBXBuildFile</string>
		</dict>
		<key>FDE388691B621BE300AF0FD4</key>
		<dict>
			<key>fileEncoding</key>
			<string>4</string>
			<key>isa</key>
			<string>PBXFileReference</string>
			<key>lastKnownFileType</key>
			<string>sourcecode.c.objc</string>
			<key>path</key>
			<string>RSGCDUtils.m</string>
			<key>sourceTree</key>
			<string>&lt;group&gt;</string>
		</dict>
		<key>FDE3886A1B621BE300AF0FD4</key>
		<dict>
			<key>fileRef</key>
			<string>FDE388691B621BE300AF0FD4</string>
			<key>isa</key>
			<string>PBXBuildFile</string>
		</dict>
		<key>FDE3886B1B62209D00AF0FD4</key>
		<dict>
			<key>fileEncoding</key>
			<string>4</string>
			<key>isa</key>
			<string>PBXFileReference</string>
			<key>lastKnownFileType</key>
			<string>sourcecode.c.objc</string>
			<key>path</key>
			<string>RSDispatchSpecificTests.m</string>
			<key>sourceTree</key>
			<string>&lt;group&gt;</string>
		</dict>
		<key>FDE3886C1B62209D00AF0FD4</key>
		<dict>
			<key>fileRef</key>
			<string>FDE3886B1B62209D00AF0FD4</string>
			<key>isa</key>
			<string>PBXBuildFile</string>
		</dict>
	</dict>
	<key>rootObject</key>
	<string>FD6F15061AFB4ECA003A8909</string>
</dict>
</plist>
